
Microsoft Visual Studio Solution File, Format Version 12.00
# Visual Studio Version 17
VisualStudioVersion = 17.1.32421.90
MinimumVisualStudioVersion = 10.0.40219.1
Project("{2150E333-8FDC-42A3-9474-1A3956D46DE8}") = "docs", "docs", "{F13D3184-1D98-4342-A094-4580298FAC5B}"
EndProject
Project("{2150E333-8FDC-42A3-9474-1A3956D46DE8}") = "src", "src", "{7ED372EB-91DD-400C-BA62-8D3E658474E4}"
EndProject
Project("{2150E333-8FDC-42A3-9474-1A3956D46DE8}") = "test", "test", "{DA3C81FB-282C-41DD-929F-D885D7ED9391}"
EndProject
Project("{2150E333-8FDC-42A3-9474-1A3956D46DE8}") = "Core", "Core", "{02D7FF62-F026-4F7F-8EF2-FBB0ACC749F9}"
EndProject
Project("{2150E333-8FDC-42A3-9474-1A3956D46DE8}") = "Infrastructure", "Infrastructure", "{BEBAF61C-C611-4CF1-B43E-CA3E0B9F9DAB}"
EndProject
Project("{2150E333-8FDC-42A3-9474-1A3956D46DE8}") = "Presentation", "Presentation", "{5D2510EF-F497-4AE9-A751-7468A36FD13C}"
EndProject
Project("{2150E333-8FDC-42A3-9474-1A3956D46DE8}") = "Web", "Web", "{7FBBC21B-85B0-42B9-825D-2C308AAC472B}"
EndProject
Project("{9A19103F-16F7-4668-BE54-9A1E7A4F7556}") = "Saweat.Infrastructure", "src\Saweat.Infrastructure\Saweat.Infrastructure.csproj", "{99870F82-6470-4F85-AF97-3D6DEA82262F}"
EndProject
Project("{9A19103F-16F7-4668-BE54-9A1E7A4F7556}") = "Saweat.Persistence", "src\Saweat.Persistence\Saweat.Persistence.csproj", "{80F51E17-65C1-4092-B7C6-B9C7621DB3B0}"
EndProject
Project("{9A19103F-16F7-4668-BE54-9A1E7A4F7556}") = "Saweat.Domain", "src\Saweat.Domain\Saweat.Domain.csproj", "{FB472AD5-E8FC-4A5B-B001-3C4A8C3BB2B2}"
EndProject
Project("{9A19103F-16F7-4668-BE54-9A1E7A4F7556}") = "Saweat.Application", "src\Saweat.Application\Saweat.Application.csproj", "{681ECEE0-A53F-4BD4-81D5-1F996711501B}"
EndProject
Project("{9A19103F-16F7-4668-BE54-9A1E7A4F7556}") = "Saweat.Application.Test", "test\Saweat.Application.Test\Saweat.Application.Test.csproj", "{51EBF77A-0E07-4F98-B70D-5A40F3E948E5}"
EndProject
Project("{9A19103F-16F7-4668-BE54-9A1E7A4F7556}") = "Saweat.Persistence.Test", "test\Saweat.Persistence.Test\Saweat.Persistence.Test.csproj", "{FFC3088A-1EA4-4FA0-8161-E0015DCA1CC9}"
EndProject
Project("{9A19103F-16F7-4668-BE54-9A1E7A4F7556}") = "Saweat.Web.Admin", "src\Saweat.Web.Admin\Saweat.Web.Admin.csproj", "{FC348EB9-4BFB-4F9A-B42D-150697247645}"
EndProject
Project("{9A19103F-16F7-4668-BE54-9A1E7A4F7556}") = "Saweat.Web.Public", "src\Saweat.Web.Public\Saweat.Web.Public.csproj", "{84B53A4C-4E54-44EB-BA73-799309CFCD25}"
EndProject
Project("{FAE04EC0-301F-11D3-BF4B-00C04F79EFBC}") = "Saweat.Test.Common", "test\Saweat.Test.Common\Saweat.Test.Common.csproj", "{3B284211-863C-4796-8490-C7E96E08DFCC}"
EndProject
Global
	GlobalSection(SolutionConfigurationPlatforms) = preSolution
		Debug|Any CPU = Debug|Any CPU
		Release|Any CPU = Release|Any CPU
	EndGlobalSection
	GlobalSection(ProjectConfigurationPlatforms) = postSolution
		{99870F82-6470-4F85-AF97-3D6DEA82262F}.Debug|Any CPU.ActiveCfg = Debug|Any CPU
		{99870F82-6470-4F85-AF97-3D6DEA82262F}.Debug|Any CPU.Build.0 = Debug|Any CPU
		{99870F82-6470-4F85-AF97-3D6DEA82262F}.Release|Any CPU.ActiveCfg = Release|Any CPU
		{99870F82-6470-4F85-AF97-3D6DEA82262F}.Release|Any CPU.Build.0 = Release|Any CPU
		{80F51E17-65C1-4092-B7C6-B9C7621DB3B0}.Debug|Any CPU.ActiveCfg = Debug|Any CPU
		{80F51E17-65C1-4092-B7C6-B9C7621DB3B0}.Debug|Any CPU.Build.0 = Debug|Any CPU
		{80F51E17-65C1-4092-B7C6-B9C7621DB3B0}.Release|Any CPU.ActiveCfg = Release|Any CPU
		{80F51E17-65C1-4092-B7C6-B9C7621DB3B0}.Release|Any CPU.Build.0 = Release|Any CPU
		{FB472AD5-E8FC-4A5B-B001-3C4A8C3BB2B2}.Debug|Any CPU.ActiveCfg = Debug|Any CPU
		{FB472AD5-E8FC-4A5B-B001-3C4A8C3BB2B2}.Debug|Any CPU.Build.0 = Debug|Any CPU
		{FB472AD5-E8FC-4A5B-B001-3C4A8C3BB2B2}.Release|Any CPU.ActiveCfg = Release|Any CPU
		{FB472AD5-E8FC-4A5B-B001-3C4A8C3BB2B2}.Release|Any CPU.Build.0 = Release|Any CPU
		{681ECEE0-A53F-4BD4-81D5-1F996711501B}.Debug|Any CPU.ActiveCfg = Debug|Any CPU
		{681ECEE0-A53F-4BD4-81D5-1F996711501B}.Debug|Any CPU.Build.0 = Debug|Any CPU
		{681ECEE0-A53F-4BD4-81D5-1F996711501B}.Release|Any CPU.ActiveCfg = Release|Any CPU
		{681ECEE0-A53F-4BD4-81D5-1F996711501B}.Release|Any CPU.Build.0 = Release|Any CPU
		{51EBF77A-0E07-4F98-B70D-5A40F3E948E5}.Debug|Any CPU.ActiveCfg = Debug|Any CPU
		{51EBF77A-0E07-4F98-B70D-5A40F3E948E5}.Debug|Any CPU.Build.0 = Debug|Any CPU
		{51EBF77A-0E07-4F98-B70D-5A40F3E948E5}.Release|Any CPU.ActiveCfg = Release|Any CPU
		{51EBF77A-0E07-4F98-B70D-5A40F3E948E5}.Release|Any CPU.Build.0 = Release|Any CPU
		{FFC3088A-1EA4-4FA0-8161-E0015DCA1CC9}.Debug|Any CPU.ActiveCfg = Debug|Any CPU
		{FFC3088A-1EA4-4FA0-8161-E0015DCA1CC9}.Debug|Any CPU.Build.0 = Debug|Any CPU
		{FFC3088A-1EA4-4FA0-8161-E0015DCA1CC9}.Release|Any CPU.ActiveCfg = Release|Any CPU
		{FFC3088A-1EA4-4FA0-8161-E0015DCA1CC9}.Release|Any CPU.Build.0 = Release|Any CPU
		{FC348EB9-4BFB-4F9A-B42D-150697247645}.Debug|Any CPU.ActiveCfg = Debug|Any CPU
		{FC348EB9-4BFB-4F9A-B42D-150697247645}.Debug|Any CPU.Build.0 = Debug|Any CPU
		{FC348EB9-4BFB-4F9A-B42D-150697247645}.Release|Any CPU.ActiveCfg = Release|Any CPU
		{FC348EB9-4BFB-4F9A-B42D-150697247645}.Release|Any CPU.Build.0 = Release|Any CPU
		{84B53A4C-4E54-44EB-BA73-799309CFCD25}.Debug|Any CPU.ActiveCfg = Debug|Any CPU
		{84B53A4C-4E54-44EB-BA73-799309CFCD25}.Debug|Any CPU.Build.0 = Debug|Any CPU
		{84B53A4C-4E54-44EB-BA73-799309CFCD25}.Release|Any CPU.ActiveCfg = Release|Any CPU
		{84B53A4C-4E54-44EB-BA73-799309CFCD25}.Release|Any CPU.Build.0 = Release|Any CPU
		{3B284211-863C-4796-8490-C7E96E08DFCC}.Debug|Any CPU.ActiveCfg = Debug|Any CPU
		{3B284211-863C-4796-8490-C7E96E08DFCC}.Debug|Any CPU.Build.0 = Debug|Any CPU
		{3B284211-863C-4796-8490-C7E96E08DFCC}.Release|Any CPU.ActiveCfg = Release|Any CPU
		{3B284211-863C-4796-8490-C7E96E08DFCC}.Release|Any CPU.Build.0 = Release|Any CPU
	EndGlobalSection
	GlobalSection(SolutionProperties) = preSolution
		HideSolutionNode = FALSE
	EndGlobalSection
	GlobalSection(NestedProjects) = preSolution
		{02D7FF62-F026-4F7F-8EF2-FBB0ACC749F9} = {7ED372EB-91DD-400C-BA62-8D3E658474E4}
		{BEBAF61C-C611-4CF1-B43E-CA3E0B9F9DAB} = {7ED372EB-91DD-400C-BA62-8D3E658474E4}
		{5D2510EF-F497-4AE9-A751-7468A36FD13C} = {7ED372EB-91DD-400C-BA62-8D3E658474E4}
		{7FBBC21B-85B0-42B9-825D-2C308AAC472B} = {5D2510EF-F497-4AE9-A751-7468A36FD13C}
		{99870F82-6470-4F85-AF97-3D6DEA82262F} = {BEBAF61C-C611-4CF1-B43E-CA3E0B9F9DAB}
		{80F51E17-65C1-4092-B7C6-B9C7621DB3B0} = {BEBAF61C-C611-4CF1-B43E-CA3E0B9F9DAB}
		{FB472AD5-E8FC-4A5B-B001-3C4A8C3BB2B2} = {02D7FF62-F026-4F7F-8EF2-FBB0ACC749F9}
		{681ECEE0-A53F-4BD4-81D5-1F996711501B} = {02D7FF62-F026-4F7F-8EF2-FBB0ACC749F9}
		{51EBF77A-0E07-4F98-B70D-5A40F3E948E5} = {DA3C81FB-282C-41DD-929F-D885D7ED9391}
		{FFC3088A-1EA4-4FA0-8161-E0015DCA1CC9} = {DA3C81FB-282C-41DD-929F-D885D7ED9391}
		{FC348EB9-4BFB-4F9A-B42D-150697247645} = {7FBBC21B-85B0-42B9-825D-2C308AAC472B}
		{84B53A4C-4E54-44EB-BA73-799309CFCD25} = {7FBBC21B-85B0-42B9-825D-2C308AAC472B}
		{3B284211-863C-4796-8490-C7E96E08DFCC} = {DA3C81FB-282C-41DD-929F-D885D7ED9391}
	EndGlobalSection
	GlobalSection(ExtensibilityGlobals) = postSolution
		SolutionGuid = {8A4BFF2F-F92D-4D10-83E6-7D8B747C0D32}
	EndGlobalSection
EndGlobal
